{
  "name": "0xvpr-io-fonts",
  "version": "1.0.0",
  "lockfileVersion": 2,
  "requires": true,
  "packages": {
    "": {
      "name": "0xvpr-io-fonts",
      "version": "1.0.0",
      "license": "MIT",
      "dependencies": {
        "@fontsource/courier-prime": "^4.5.1"
      }
    },
    "node_modules/@fontsource/courier-prime": {
      "version": "4.5.9",
      "resolved": "https://registry.npmjs.org/@fontsource/courier-prime/-/courier-prime-4.5.9.tgz",
      "integrity": "sha512-jN5F/WvA7x1OuaOy2Hr2FzlA3EZizXPGTvjmR5YIb+Hc+SaDUT/ckJy8zbUc8sb6SsS6cIbG+lFDkZRYjJe91Q=="
    }
  },
  "dependencies": {
    "@fontsource/courier-prime": {
      "version": "4.5.9",
      "resolved": "https://registry.npmjs.org/@fontsource/courier-prime/-/courier-prime-4.5.9.tgz",
      "integrity": "sha512-jN5F/WvA7x1OuaOy2Hr2FzlA3EZizXPGTvjmR5YIb+Hc+SaDUT/ckJy8zbUc8sb6SsS6cIbG+lFDkZRYjJe91Q=="
    }
  }
}
